
Microsoft Visual Studio Solution File, Format Version 12.00
# Visual Studio 2013
VisualStudioVersion = 12.0.31101.0
MinimumVisualStudioVersion = 10.0.40219.1
Project("{FAE04EC0-301F-11D3-BF4B-00C04F79EFBC}") = "AOI.Engine", "AOI.Engine\AOI.Engine.csproj", "{18372561-AABE-4CCE-9408-8E04E64E557D}"
EndProject
Project("{FAE04EC0-301F-11D3-BF4B-00C04F79EFBC}") = "AOI.TestHarness", "AOI.TestHarness\AOI.TestHarness.csproj", "{2D916FC8-C6B5-4303-9734-881DD195114B}"
EndProject
Project("{FAE04EC0-301F-11D3-BF4B-00C04F79EFBC}") = "AOI.Migrations", "AOI.Migrations\AOI.Migrations.csproj", "{7DC21087-E602-4C56-9EEC-D3A661DD43D9}"
EndProject
Project("{2150E333-8FDC-42A3-9474-1A3956D46DE8}") = "Settings", "Settings", "{400EFB2B-993F-446B-80F8-946A1C2D316B}"
	ProjectSection(SolutionItems) = preProject
		settings.json = settings.json
		settings.override.json = settings.override.json
	EndProjectSection
EndProject
Global
	GlobalSection(SolutionConfigurationPlatforms) = preSolution
		Debug|Any CPU = Debug|Any CPU
		Release|Any CPU = Release|Any CPU
	EndGlobalSection
	GlobalSection(ProjectConfigurationPlatforms) = postSolution
		{18372561-AABE-4CCE-9408-8E04E64E557D}.Debug|Any CPU.ActiveCfg = Debug|Any CPU
		{18372561-AABE-4CCE-9408-8E04E64E557D}.Debug|Any CPU.Build.0 = Debug|Any CPU
		{18372561-AABE-4CCE-9408-8E04E64E557D}.Release|Any CPU.ActiveCfg = Release|Any CPU
		{18372561-AABE-4CCE-9408-8E04E64E557D}.Release|Any CPU.Build.0 = Release|Any CPU
		{2D916FC8-C6B5-4303-9734-881DD195114B}.Debug|Any CPU.ActiveCfg = Debug|Any CPU
		{2D916FC8-C6B5-4303-9734-881DD195114B}.Debug|Any CPU.Build.0 = Debug|Any CPU
		{2D916FC8-C6B5-4303-9734-881DD195114B}.Release|Any CPU.ActiveCfg = Release|Any CPU
		{2D916FC8-C6B5-4303-9734-881DD195114B}.Release|Any CPU.Build.0 = Release|Any CPU
		{7DC21087-E602-4C56-9EEC-D3A661DD43D9}.Debug|Any CPU.ActiveCfg = Debug|Any CPU
		{7DC21087-E602-4C56-9EEC-D3A661DD43D9}.Debug|Any CPU.Build.0 = Debug|Any CPU
		{7DC21087-E602-4C56-9EEC-D3A661DD43D9}.Release|Any CPU.ActiveCfg = Release|Any CPU
		{7DC21087-E602-4C56-9EEC-D3A661DD43D9}.Release|Any CPU.Build.0 = Release|Any CPU
	EndGlobalSection
	GlobalSection(SolutionProperties) = preSolution
		HideSolutionNode = FALSE
	EndGlobalSection
EndGlobal
